// !$*UTF8*$!
{
	archiveVersion = 1;
	classes = {
	};
	objectVersion = 50;
	objects = {

/* Begin PBXBuildFile section */
		296EFB732465D6BC005D8815 /* AppDelegate.swift in Sources */ = {isa = PBXBuildFile; fileRef = 296EFB722465D6BC005D8815 /* AppDelegate.swift */; };
		296EFB752465D6BC005D8815 /* SceneDelegate.swift in Sources */ = {isa = PBXBuildFile; fileRef = 296EFB742465D6BC005D8815 /* SceneDelegate.swift */; };
		296EFB772465D6BC005D8815 /* ViewController.swift in Sources */ = {isa = PBXBuildFile; fileRef = 296EFB762465D6BC005D8815 /* ViewController.swift */; };
		296EFB7A2465D6BC005D8815 /* Main.storyboard in Resources */ = {isa = PBXBuildFile; fileRef = 296EFB782465D6BC005D8815 /* Main.storyboard */; };
		296EFB7C2465D6BD005D8815 /* Assets.xcassets in Resources */ = {isa = PBXBuildFile; fileRef = 296EFB7B2465D6BD005D8815 /* Assets.xcassets */; };
		296EFB7F2465D6BD005D8815 /* LaunchScreen.storyboard in Resources */ = {isa = PBXBuildFile; fileRef = 296EFB7D2465D6BD005D8815 /* LaunchScreen.storyboard */; };
/* End PBXBuildFile section */

/* Begin PBXFileReference section */
		296EFB6F2465D6BC005D8815 /* MyMedSum.app */ = {isa = PBXFileReference; explicitFileType = wrapper.application; includeInIndex = 0; path = MyMedSum.app; sourceTree = BUILT_PRODUCTS_DIR; };
		296EFB722465D6BC005D8815 /* AppDelegate.swift */ = {isa = PBXFileReference; lastKnownFileType = sourcecode.swift; path = AppDelegate.swift; sourceTree = "<group>"; };
		296EFB742465D6BC005D8815 /* SceneDelegate.swift */ = {isa = PBXFileReference; lastKnownFileType = sourcecode.swift; path = SceneDelegate.swift; sourceTree = "<group>"; };
		296EFB762465D6BC005D8815 /* ViewController.swift */ = {isa = PBXFileReference; lastKnownFileType = sourcecode.swift; path = ViewController.swift; sourceTree = "<group>"; };
		296EFB792465D6BC005D8815 /* Base */ = {isa = PBXFileReference; lastKnownFileType = file.storyboard; name = Base; path = Base.lproj/Main.storyboard; sourceTree = "<group>"; };
		296EFB7B2465D6BD005D8815 /* Assets.xcassets */ = {isa = PBXFileReference; lastKnownFileType = folder.assetcatalog; path = Assets.xcassets; sourceTree = "<group>"; };
		296EFB7E2465D6BD005D8815 /* Base */ = {isa = PBXFileReference; lastKnownFileType = file.storyboard; name = Base; path = Base.lproj/LaunchScreen.storyboard; sourceTree = "<group>"; };
		296EFB802465D6BD005D8815 /* Info.plist */ = {isa = PBXFileReference; lastKnownFileType = text.plist.xml; path = Info.plist; sourceTree = "<group>"; };
/* End PBXFileReference section */

/* Begin PBXFrameworksBuildPhase section */
		296EFB6C2465D6BC005D8815 /* Frameworks */ = {
			isa = PBXFrameworksBuildPhase;
			buildActionMask = 2147483647;
			files = (
			);
			runOnlyForDeploymentPostprocessing = 0;
		};
/* End PBXFrameworksBuildPhase section */

/* Begin PBXGroup section */
		296EFB662465D6BC005D8815 = {
			isa = PBXGroup;
			children = (
				296EFB712465D6BC005D8815 /* MyMedSum */,
				296EFB702465D6BC005D8815 /* Products */,
			);
			sourceTree = "<group>";
		};
		296EFB702465D6BC005D8815 /* Products */ = {
			isa = PBXGroup;
			children = (
				296EFB6F2465D6BC005D8815 /* MyMedSum.app */,
			);
			name = Products;
			sourceTree = "<group>";
		};
		296EFB712465D6BC005D8815 /* MyMedSum */ = {
			isa = PBXGroup;
			children = (
				296EFB722465D6BC005D8815 /* AppDelegate.swift */,
				296EFB742465D6BC005D8815 /* SceneDelegate.swift */,
				296EFB762465D6BC005D8815 /* ViewController.swift */,
				296EFB782465D6BC005D8815 /* Main.storyboard */,
				296EFB7B2465D6BD005D8815 /* Assets.xcassets */,
				296EFB7D2465D6BD005D8815 /* LaunchScreen.storyboard */,
				296EFB802465D6BD005D8815 /* Info.plist */,
			);
			path = MyMedSum;
			sourceTree = "<group>";
		};
/* End PBXGroup section */

/* Begin PBXNativeTarget section */
		296EFB6E2465D6BC005D8815 /* MyMedSum */ = {
			isa = PBXNativeTarget;
			buildConfigurationList = 296EFB832465D6BD005D8815 /* Build configuration list for PBXNativeTarget "MyMedSum" */;
			buildPhases = (
				296EFB6B2465D6BC005D8815 /* Sources */,
				296EFB6C2465D6BC005D8815 /* Frameworks */,
				296EFB6D2465D6BC005D8815 /* Resources */,
			);
			buildRules = (
			);
			dependencies = (
			);
			name = MyMedSum;
			productName = MyMedSum;
			productReference = 296EFB6F2465D6BC005D8815 /* MyMedSum.app */;
			productType = "com.apple.product-type.application";
		};
/* End PBXNativeTarget section */

/* Begin PBXProject section */
		296EFB672465D6BC005D8815 /* Project object */ = {
			isa = PBXProject;
			attributes = {
				LastSwiftUpdateCheck = 1130;
				LastUpgradeCheck = 1130;
				ORGANIZATIONNAME = "Amir Mofakhar";
				TargetAttributes = {
					296EFB6E2465D6BC005D8815 = {
						CreatedOnToolsVersion = 11.3.1;
					};
				};
			};
			buildConfigurationList = 296EFB6A2465D6BC005D8815 /* Build configuration list for PBXProject "MyMedSum" */;
			compatibilityVersion = "Xcode 9.3";
			developmentRegion = en;
			hasScannedForEncodings = 0;
			knownRegions = (
				en,
				Base,
			);
			mainGroup = 296EFB662465D6BC005D8815;
			productRefGroup = 296EFB702465D6BC005D8815 /* Products */;
			projectDirPath = "";
			projectRoot = "";
			targets = (
				296EFB6E2465D6BC005D8815 /* MyMedSum */,
			);
		};
/* End PBXProject section */

/* Begin PBXResourcesBuildPhase section */
		296EFB6D2465D6BC005D8815 /* Resources */ = {
			isa = PBXResourcesBuildPhase;
			buildActionMask = 2147483647;
			files = (
				296EFB7F2465D6BD005D8815 /* LaunchScreen.storyboard in Resources */,
				296EFB7C2465D6BD005D8815 /* Assets.xcassets in Resources */,
				296EFB7A2465D6BC005D8815 /* Main.storyboard in Resources */,
			);
			runOnlyForDeploymentPostprocessing = 0;
		};
/* End PBXResourcesBuildPhase section */

/* Begin PBXSourcesBuildPhase section */
		296EFB6B2465D6BC005D8815 /* Sources */ = {
			isa = PBXSourcesBuildPhase;
			buildActionMask = 2147483647;
			files = (
				296EFB772465D6BC005D8815 /* ViewController.swift in Sources */,
				296EFB732465D6BC005D8815 /* AppDelegate.swift in Sources */,
				296EFB752465D6BC005D8815 /* SceneDelegate.swift in Sources */,
			);
			runOnlyForDeploymentPostprocessing = 0;
		};
/* End PBXSourcesBuildPhase section */

/* Begin PBXVariantGroup section */
		296EFB782465D6BC005D8815 /* Main.storyboard */ = {
			isa = PBXVariantGroup;
			children = (
				296EFB792465D6BC005D8815 /* Base */,
			);
			name = Main.storyboard;
			sourceTree = "<group>";
		};
		296EFB7D2465D6BD005D8815 /* LaunchScreen.storyboard */ = {
			isa = PBXVariantGroup;
			children = (
				296EFB7E2465D6BD005D8815 /* Base */,
			);
			name = LaunchScreen.storyboard;
			sourceTree = "<group>";
		};
/* End PBXVariantGroup section */

/* Begin XCBuildConfiguration section */
		296EFB812465D6BD005D8815 /* Debug */ = {
			isa = XCBuildConfiguration;
			buildSettings = {
				ALWAYS_SEARCH_USER_PATHS = NO;
				CLANG_ANALYZER_NONNULL = YES;
				CLANG_ANALYZER_NUMBER_OBJECT_CONVERSION = YES_AGGRESSIVE;
				CLANG_CXX_LANGUAGE_STANDARD = "gnu++14";
				CLANG_CXX_LIBRARY = "libc++";
				CLANG_ENABLE_MODULES = YES;
				CLANG_ENABLE_OBJC_ARC = YES;
				CLANG_ENABLE_OBJC_WEAK = YES;
				CLANG_WARN_BLOCK_CAPTURE_AUTORELEASING = YES;
				CLANG_WARN_BOOL_CONVERSION = YES;
				CLANG_WARN_COMMA = YES;
				CLANG_WARN_CONSTANT_CONVERSION = YES;
				CLANG_WARN_DEPRECATED_OBJC_IMPLEMENTATIONS = YES;
				CLANG_WARN_DIRECT_OBJC_ISA_USAGE = YES_ERROR;
				CLANG_WARN_DOCUMENTATION_COMMENTS = YES;
				CLANG_WARN_EMPTY_BODY = YES;
				CLANG_WARN_ENUM_CONVERSION = YES;
				CLANG_WARN_INFINITE_RECURSION = YES;
				CLANG_WARN_INT_CONVERSION = YES;
				CLANG_WARN_NON_LITERAL_NULL_CONVERSION = YES;
				CLANG_WARN_OBJC_IMPLICIT_RETAIN_SELF = YES;
				CLANG_WARN_OBJC_LITERAL_CONVERSION = YES;
				CLANG_WARN_OBJC_ROOT_CLASS = YES_ERROR;
				CLANG_WARN_RANGE_LOOP_ANALYSIS = YES;
				CLANG_WARN_STRICT_PROTOTYPES = YES;
				CLANG_WARN_SUSPICIOUS_MOVE = YES;
				CLANG_WARN_UNGUARDED_AVAILABILITY = YES_AGGRESSIVE;
				CLANG_WARN_UNREACHABLE_CODE = YES;
				CLANG_WARN__DUPLICATE_METHOD_MATCH = YES;
				COPY_PHASE_STRIP = NO;
				DEBUG_INFORMATION_FORMAT = dwarf;
				ENABLE_STRICT_OBJC_MSGSEND = YES;
				ENABLE_TESTABILITY = YES;
				GCC_C_LANGUAGE_STANDARD = gnu11;
				GCC_DYNAMIC_NO_PIC = NO;
				GCC_NO_COMMON_BLOCKS = YES;
				GCC_OPTIMIZATION_LEVEL = 0;
				GCC_PREPROCESSOR_DEFINITIONS = (
					"DEBUG=1",
					"$(inherited)",
				);
				GCC_WARN_64_TO_32_BIT_CONVERSION = YES;
				GCC_WARN_ABOUT_RETURN_TYPE = YES_ERROR;
				GCC_WARN_UNDECLARED_SELECTOR = YES;
				GCC_WARN_UNINITIALIZED_AUTOS = YES_AGGRESSIVE;
				GCC_WARN_UNUSED_FUNCTION = YES;
				GCC_WARN_UNUSED_VARIABLE = YES;
				IPHONEOS_DEPLOYMENT_TARGET = 13.2;
				MTL_ENABLE_DEBUG_INFO = INCLUDE_SOURCE;
				MTL_FAST_MATH = YES;
				ONLY_ACTIVE_ARCH = YES;
				SDKROOT = iphoneos;
				SWIFT_ACTIVE_COMPILATION_CONDITIONS = DEBUG;
				SWIFT_OPTIMIZATION_LEVEL = "-Onone";
			};
			name = Debug;
		};
		296EFB822465D6BD005D8815 /* Release */ = {
			isa = XCBuildConfiguration;
			buildSettings = {
				ALWAYS_SEARCH_USER_PATHS = NO;
				CLANG_ANALYZER_NONNULL = YES;
				CLANG_ANALYZER_NUMBER_OBJECT_CONVERSION = YES_AGGRESSIVE;
				CLANG_CXX_LANGUAGE_STANDARD = "gnu++14";
				CLANG_CXX_LIBRARY = "libc++";
				CLANG_ENABLE_MODULES = YES;
				CLANG_ENABLE_OBJC_ARC = YES;
				CLANG_ENABLE_OBJC_WEAK = YES;
				CLANG_WARN_BLOCK_CAPTURE_AUTORELEASING = YES;
				CLANG_WARN_BOOL_CONVERSION = YES;
				CLANG_WARN_COMMA = YES;
				CLANG_WARN_CONSTANT_CONVERSION = YES;
				CLANG_WARN_DEPRECATED_OBJC_IMPLEMENTATIONS = YES;
				CLANG_WARN_DIRECT_OBJC_ISA_USAGE = YES_ERROR;
				CLANG_WARN_DOCUMENTATION_COMMENTS = YES;
				CLANG_WARN_EMPTY_BODY = YES;
				CLANG_WARN_ENUM_CONVERSION = YES;
				CLANG_WARN_INFINITE_RECURSION = YES;
				CLANG_WARN_INT_CONVERSION = YES;
				CLANG_WARN_NON_LITERAL_NULL_CONVERSION = YES;
				CLANG_WARN_OBJC_IMPLICIT_RETAIN_SELF = YES;
				CLANG_WARN_OBJC_LITERAL_CONVERSION = YES;
				CLANG_WARN_OBJC_ROOT_CLASS = YES_ERROR;
				CLANG_WARN_RANGE_LOOP_ANALYSIS = YES;
				CLANG_WARN_STRICT_PROTOTYPES = YES;
				CLANG_WARN_SUSPICIOUS_MOVE = YES;
				CLANG_WARN_UNGUARDED_AVAILABILITY = YES_AGGRESSIVE;
				CLANG_WARN_UNREACHABLE_CODE = YES;
				CLANG_WARN__DUPLICATE_METHOD_MATCH = YES;
				COPY_PHASE_STRIP = NO;
				DEBUG_INFORMATION_FORMAT = "dwarf-with-dsym";
				ENABLE_NS_ASSERTIONS = NO;
				ENABLE_STRICT_OBJC_MSGSEND = YES;
				GCC_C_LANGUAGE_STANDARD = gnu11;
				GCC_NO_COMMON_BLOCKS = YES;
				GCC_WARN_64_TO_32_BIT_CONVERSION = YES;
				GCC_WARN_ABOUT_RETURN_TYPE = YES_ERROR;
				GCC_WARN_UNDECLARED_SELECTOR = YES;
				GCC_WARN_UNINITIALIZED_AUTOS = YES_AGGRESSIVE;
				GCC_WARN_UNUSED_FUNCTION = YES;
				GCC_WARN_UNUSED_VARIABLE = YES;
				IPHONEOS_DEPLOYMENT_TARGET = 13.2;
				MTL_ENABLE_DEBUG_INFO = NO;
				MTL_FAST_MATH = YES;
				SDKROOT = iphoneos;
				SWIFT_COMPILATION_MODE = wholemodule;
				SWIFT_OPTIMIZATION_LEVEL = "-O";
				VALIDATE_PRODUCT = YES;
			};
			name = Release;
		};
		296EFB842465D6BD005D8815 /* Debug */ = {
			isa = XCBuildConfiguration;
			buildSettings = {
				ASSETCATALOG_COMPILER_APPICON_NAME = AppIcon;
				CODE_SIGN_STYLE = Automatic;
				DEVELOPMENT_TEAM = AJ4YAPN3J2;
				INFOPLIST_FILE = MyMedSum/Info.plist;
				LD_RUNPATH_SEARCH_PATHS = (
					"$(inherited)",
					"@executable_path/Frameworks",
				);
				PRODUCT_BUNDLE_IDENTIFIER = info.mofakhar.MyMedSum;
				PRODUCT_NAME = "$(TARGET_NAME)";
				SWIFT_VERSION = 5.0;
				TARGETED_DEVICE_FAMILY = "1,2";
			};
			name = Debug;
		};
		296EFB852465D6BD005D8815 /* Release */ = {
			isa = XCBuildConfiguration;
			buildSettings = {
				ASSETCATALOG_COMPILER_APPICON_NAME = AppIcon;
				CODE_SIGN_STYLE = Automatic;
				DEVELOPMENT_TEAM = AJ4YAPN3J2;
				INFOPLIST_FILE = MyMedSum/Info.plist;
				LD_RUNPATH_SEARCH_PATHS = (
					"$(inherited)",
					"@executable_path/Frameworks",
				);
				PRODUCT_BUNDLE_IDENTIFIER = info.mofakhar.MyMedSum;
				PRODUCT_NAME = "$(TARGET_NAME)";
				SWIFT_VERSION = 5.0;
				TARGETED_DEVICE_FAMILY = "1,2";
			};
			name = Release;
		};
/* End XCBuildConfiguration section */

/* Begin XCConfigurationList section */
		296EFB6A2465D6BC005D8815 /* Build configuration list for PBXProject "MyMedSum" */ = {
			isa = XCConfigurationList;
			buildConfigurations = (
				296EFB812465D6BD005D8815 /* Debug */,
				296EFB822465D6BD005D8815 /* Release */,
			);
			defaultConfigurationIsVisible = 0;
			defaultConfigurationName = Release;
		};
		296EFB832465D6BD005D8815 /* Build configuration list for PBXNativeTarget "MyMedSum" */ = {
			isa = XCConfigurationList;
			buildConfigurations = (
				296EFB842465D6BD005D8815 /* Debug */,
				296EFB852465D6BD005D8815 /* Release */,
			);
			defaultConfigurationIsVisible = 0;
			defaultConfigurationName = Release;
		};
/* End XCConfigurationList section */
	};
	rootObject = 296EFB672465D6BC005D8815 /* Project object */;
}
